
Microsoft Visual Studio Solution File, Format Version 12.00
# Visual Studio 2013
VisualStudioVersion = 12.0.31101.0
MinimumVisualStudioVersion = 10.0.40219.1
Project("{2150E333-8FDC-42A3-9474-1A3956D46DE8}") = "InputParser", "InputParser", "{E831B6D1-DDF3-4E57-92FF-3BBCCBBA8406}"
EndProject
Project("{2150E333-8FDC-42A3-9474-1A3956D46DE8}") = "Display", "Display", "{3F0DF2F6-33FB-4BE5-83D7-F19492F7DBAA}"
EndProject
Project("{2150E333-8FDC-42A3-9474-1A3956D46DE8}") = "Utilities", "Utilities", "{51FDB3BA-39BC-44E7-BE9E-87D43DA1EAB0}"
EndProject
Global
	GlobalSection(SolutionProperties) = preSolution
		HideSolutionNode = FALSE
	EndGlobalSection
EndGlobal
