
Microsoft Visual Studio Solution File, Format Version 12.00
# Visual Studio 2013
VisualStudioVersion = 12.0.31101.0
MinimumVisualStudioVersion = 10.0.40219.1
Project("{2150E333-8FDC-42A3-9474-1A3956D46DE8}") = "InputParser", "InputParser", "{E831B6D1-DDF3-4E57-92FF-3BBCCBBA8406}"
EndProject
Project("{2150E333-8FDC-42A3-9474-1A3956D46DE8}") = "Display", "Display", "{3F0DF2F6-33FB-4BE5-83D7-F19492F7DBAA}"
EndProject
Project("{2150E333-8FDC-42A3-9474-1A3956D46DE8}") = "Executive", "Executive", "{C5C7242D-6DC3-4331-9239-A85091739396}"
EndProject
Project("{2150E333-8FDC-42A3-9474-1A3956D46DE8}") = "XMLDomParser", "XMLDomParser", "{F62AB20D-90A5-4031-98FA-E2DAB6EF1A92}"
EndProject
Project("{2150E333-8FDC-42A3-9474-1A3956D46DE8}") = "XMLFactory", "XMLFactory", "{C997CACC-835D-4386-992F-92F8D20F7016}"
EndProject
Project("{2150E333-8FDC-42A3-9474-1A3956D46DE8}") = "ParseTreeStore", "ParseTreeStore", "{B325F52D-C38C-475A-9C40-3DD1AEC40F21}"
EndProject
Project("{8BC9CEB8-8B4A-11D0-8D11-00A0C91BC942}") = "Display", "Display\Display.vcxproj", "{759B1015-3DC8-42A2-A346-293F8746D15E}"
EndProject
Project("{8BC9CEB8-8B4A-11D0-8D11-00A0C91BC942}") = "Executive", "Executive\Executive.vcxproj", "{09A55EAD-ED98-4D6C-A076-218D5FDF5CFE}"
EndProject
Project("{8BC9CEB8-8B4A-11D0-8D11-00A0C91BC942}") = "InputParser", "InputParser\InputParser.vcxproj", "{943EBD6E-9893-4544-BDE6-C7607BE92F7D}"
EndProject
Project("{8BC9CEB8-8B4A-11D0-8D11-00A0C91BC942}") = "ParseTreeStore", "ParseTreeStore\ParseTreeStore.vcxproj", "{0D4CDF95-771D-4421-A4F2-574A55B44C9F}"
EndProject
Project("{8BC9CEB8-8B4A-11D0-8D11-00A0C91BC942}") = "XMLDomParser", "XMLDomParser\XMLDomParser.vcxproj", "{42AD1BC8-1803-4888-8CF4-B7A4978BA40D}"
EndProject
Project("{8BC9CEB8-8B4A-11D0-8D11-00A0C91BC942}") = "XMLFactory", "XMLFactory\XMLFactory.vcxproj", "{3B35A8C5-A1D9-438D-AE21-7BE2134FA02E}"
EndProject
Project("{2150E333-8FDC-42A3-9474-1A3956D46DE8}") = "Utilities", "Utilities", "{E12259A3-BEE9-4C5F-BBCD-E5A8C1661741}"
EndProject
Project("{8BC9CEB8-8B4A-11D0-8D11-00A0C91BC942}") = "Utilities", "Utilities\Utilities.vcxproj", "{89D9E3B9-63D9-4A64-9393-C671444258AA}"
EndProject
Project("{2150E333-8FDC-42A3-9474-1A3956D46DE8}") = "XMLParts", "XMLParts", "{144201D4-EBA1-4C12-A1A1-28C8E2744D1C}"
EndProject
Project("{8BC9CEB8-8B4A-11D0-8D11-00A0C91BC942}") = "XmlTagInterface", "XmlTagInterface\XmlTagInterface.vcxproj", "{395C57CF-7A20-4980-BCF9-80AA7BFD1D0F}"
EndProject
Project("{8BC9CEB8-8B4A-11D0-8D11-00A0C91BC942}") = "XmlDocInterface", "XmlDocInterface\XmlDocInterface.vcxproj", "{149322E4-0CB6-43CC-AD00-B702EB0ECCF9}"
EndProject
Project("{8BC9CEB8-8B4A-11D0-8D11-00A0C91BC942}") = "XmlAttributeInterface", "XmlAttributeInterface\XmlAttributeInterface.vcxproj", "{D4FEFAEE-2034-42AD-BA06-AE3AB72667D2}"
EndProject
Project("{8BC9CEB8-8B4A-11D0-8D11-00A0C91BC942}") = "XmlDocument", "XmlDocument\XmlDocument.vcxproj", "{637D7796-A440-4FA5-9170-131A7F2A7FF1}"
EndProject
Global
	GlobalSection(SolutionConfigurationPlatforms) = preSolution
		Debug|Win32 = Debug|Win32
		Release|Win32 = Release|Win32
	EndGlobalSection
	GlobalSection(ProjectConfigurationPlatforms) = postSolution
		{759B1015-3DC8-42A2-A346-293F8746D15E}.Debug|Win32.ActiveCfg = Debug|Win32
		{759B1015-3DC8-42A2-A346-293F8746D15E}.Debug|Win32.Build.0 = Debug|Win32
		{759B1015-3DC8-42A2-A346-293F8746D15E}.Release|Win32.ActiveCfg = Release|Win32
		{759B1015-3DC8-42A2-A346-293F8746D15E}.Release|Win32.Build.0 = Release|Win32
		{09A55EAD-ED98-4D6C-A076-218D5FDF5CFE}.Debug|Win32.ActiveCfg = Debug|Win32
		{09A55EAD-ED98-4D6C-A076-218D5FDF5CFE}.Debug|Win32.Build.0 = Debug|Win32
		{09A55EAD-ED98-4D6C-A076-218D5FDF5CFE}.Release|Win32.ActiveCfg = Release|Win32
		{09A55EAD-ED98-4D6C-A076-218D5FDF5CFE}.Release|Win32.Build.0 = Release|Win32
		{943EBD6E-9893-4544-BDE6-C7607BE92F7D}.Debug|Win32.ActiveCfg = Debug|Win32
		{943EBD6E-9893-4544-BDE6-C7607BE92F7D}.Debug|Win32.Build.0 = Debug|Win32
		{943EBD6E-9893-4544-BDE6-C7607BE92F7D}.Release|Win32.ActiveCfg = Release|Win32
		{943EBD6E-9893-4544-BDE6-C7607BE92F7D}.Release|Win32.Build.0 = Release|Win32
		{0D4CDF95-771D-4421-A4F2-574A55B44C9F}.Debug|Win32.ActiveCfg = Debug|Win32
		{0D4CDF95-771D-4421-A4F2-574A55B44C9F}.Debug|Win32.Build.0 = Debug|Win32
		{0D4CDF95-771D-4421-A4F2-574A55B44C9F}.Release|Win32.ActiveCfg = Release|Win32
		{0D4CDF95-771D-4421-A4F2-574A55B44C9F}.Release|Win32.Build.0 = Release|Win32
		{42AD1BC8-1803-4888-8CF4-B7A4978BA40D}.Debug|Win32.ActiveCfg = Debug|Win32
		{42AD1BC8-1803-4888-8CF4-B7A4978BA40D}.Debug|Win32.Build.0 = Debug|Win32
		{42AD1BC8-1803-4888-8CF4-B7A4978BA40D}.Release|Win32.ActiveCfg = Release|Win32
		{42AD1BC8-1803-4888-8CF4-B7A4978BA40D}.Release|Win32.Build.0 = Release|Win32
		{3B35A8C5-A1D9-438D-AE21-7BE2134FA02E}.Debug|Win32.ActiveCfg = Debug|Win32
		{3B35A8C5-A1D9-438D-AE21-7BE2134FA02E}.Debug|Win32.Build.0 = Debug|Win32
		{3B35A8C5-A1D9-438D-AE21-7BE2134FA02E}.Release|Win32.ActiveCfg = Release|Win32
		{3B35A8C5-A1D9-438D-AE21-7BE2134FA02E}.Release|Win32.Build.0 = Release|Win32
		{89D9E3B9-63D9-4A64-9393-C671444258AA}.Debug|Win32.ActiveCfg = Debug|Win32
		{89D9E3B9-63D9-4A64-9393-C671444258AA}.Debug|Win32.Build.0 = Debug|Win32
		{89D9E3B9-63D9-4A64-9393-C671444258AA}.Release|Win32.ActiveCfg = Release|Win32
		{89D9E3B9-63D9-4A64-9393-C671444258AA}.Release|Win32.Build.0 = Release|Win32
		{395C57CF-7A20-4980-BCF9-80AA7BFD1D0F}.Debug|Win32.ActiveCfg = Debug|Win32
		{395C57CF-7A20-4980-BCF9-80AA7BFD1D0F}.Debug|Win32.Build.0 = Debug|Win32
		{395C57CF-7A20-4980-BCF9-80AA7BFD1D0F}.Release|Win32.ActiveCfg = Release|Win32
		{395C57CF-7A20-4980-BCF9-80AA7BFD1D0F}.Release|Win32.Build.0 = Release|Win32
		{149322E4-0CB6-43CC-AD00-B702EB0ECCF9}.Debug|Win32.ActiveCfg = Debug|Win32
		{149322E4-0CB6-43CC-AD00-B702EB0ECCF9}.Debug|Win32.Build.0 = Debug|Win32
		{149322E4-0CB6-43CC-AD00-B702EB0ECCF9}.Release|Win32.ActiveCfg = Release|Win32
		{149322E4-0CB6-43CC-AD00-B702EB0ECCF9}.Release|Win32.Build.0 = Release|Win32
		{D4FEFAEE-2034-42AD-BA06-AE3AB72667D2}.Debug|Win32.ActiveCfg = Debug|Win32
		{D4FEFAEE-2034-42AD-BA06-AE3AB72667D2}.Debug|Win32.Build.0 = Debug|Win32
		{D4FEFAEE-2034-42AD-BA06-AE3AB72667D2}.Release|Win32.ActiveCfg = Release|Win32
		{D4FEFAEE-2034-42AD-BA06-AE3AB72667D2}.Release|Win32.Build.0 = Release|Win32
		{637D7796-A440-4FA5-9170-131A7F2A7FF1}.Debug|Win32.ActiveCfg = Debug|Win32
		{637D7796-A440-4FA5-9170-131A7F2A7FF1}.Debug|Win32.Build.0 = Debug|Win32
		{637D7796-A440-4FA5-9170-131A7F2A7FF1}.Release|Win32.ActiveCfg = Release|Win32
		{637D7796-A440-4FA5-9170-131A7F2A7FF1}.Release|Win32.Build.0 = Release|Win32
	EndGlobalSection
	GlobalSection(SolutionProperties) = preSolution
		HideSolutionNode = FALSE
	EndGlobalSection
	GlobalSection(NestedProjects) = preSolution
		{759B1015-3DC8-42A2-A346-293F8746D15E} = {3F0DF2F6-33FB-4BE5-83D7-F19492F7DBAA}
		{09A55EAD-ED98-4D6C-A076-218D5FDF5CFE} = {C5C7242D-6DC3-4331-9239-A85091739396}
		{943EBD6E-9893-4544-BDE6-C7607BE92F7D} = {E831B6D1-DDF3-4E57-92FF-3BBCCBBA8406}
		{0D4CDF95-771D-4421-A4F2-574A55B44C9F} = {B325F52D-C38C-475A-9C40-3DD1AEC40F21}
		{42AD1BC8-1803-4888-8CF4-B7A4978BA40D} = {F62AB20D-90A5-4031-98FA-E2DAB6EF1A92}
		{3B35A8C5-A1D9-438D-AE21-7BE2134FA02E} = {C997CACC-835D-4386-992F-92F8D20F7016}
		{89D9E3B9-63D9-4A64-9393-C671444258AA} = {E12259A3-BEE9-4C5F-BBCD-E5A8C1661741}
		{395C57CF-7A20-4980-BCF9-80AA7BFD1D0F} = {144201D4-EBA1-4C12-A1A1-28C8E2744D1C}
		{149322E4-0CB6-43CC-AD00-B702EB0ECCF9} = {144201D4-EBA1-4C12-A1A1-28C8E2744D1C}
		{D4FEFAEE-2034-42AD-BA06-AE3AB72667D2} = {144201D4-EBA1-4C12-A1A1-28C8E2744D1C}
		{637D7796-A440-4FA5-9170-131A7F2A7FF1} = {144201D4-EBA1-4C12-A1A1-28C8E2744D1C}
	EndGlobalSection
EndGlobal
