
Microsoft Visual Studio Solution File, Format Version 12.00
# Visual Studio 2013
VisualStudioVersion = 12.0.31101.0
MinimumVisualStudioVersion = 10.0.40219.1
Project("{2150E333-8FDC-42A3-9474-1A3956D46DE8}") = "InputParser", "InputParser", "{E831B6D1-DDF3-4E57-92FF-3BBCCBBA8406}"
EndProject
Project("{2150E333-8FDC-42A3-9474-1A3956D46DE8}") = "Display", "Display", "{3F0DF2F6-33FB-4BE5-83D7-F19492F7DBAA}"
EndProject
Project("{2150E333-8FDC-42A3-9474-1A3956D46DE8}") = "Utilities", "Utilities", "{51FDB3BA-39BC-44E7-BE9E-87D43DA1EAB0}"
EndProject
Project("{2150E333-8FDC-42A3-9474-1A3956D46DE8}") = "Executive", "Executive", "{C5C7242D-6DC3-4331-9239-A85091739396}"
EndProject
Project("{2150E333-8FDC-42A3-9474-1A3956D46DE8}") = "XMLDomParser", "XMLDomParser", "{F62AB20D-90A5-4031-98FA-E2DAB6EF1A92}"
EndProject
Project("{2150E333-8FDC-42A3-9474-1A3956D46DE8}") = "XMLFactory", "XMLFactory", "{C997CACC-835D-4386-992F-92F8D20F7016}"
EndProject
Project("{2150E333-8FDC-42A3-9474-1A3956D46DE8}") = "ParseTreeStore", "ParseTreeStore", "{B325F52D-C38C-475A-9C40-3DD1AEC40F21}"
EndProject
Project("{8BC9CEB8-8B4A-11D0-8D11-00A0C91BC942}") = "Display", "Display\Display.vcxproj", "{759B1015-3DC8-42A2-A346-293F8746D15E}"
EndProject
Project("{8BC9CEB8-8B4A-11D0-8D11-00A0C91BC942}") = "Executive", "Executive\Executive.vcxproj", "{09A55EAD-ED98-4D6C-A076-218D5FDF5CFE}"
EndProject
Project("{8BC9CEB8-8B4A-11D0-8D11-00A0C91BC942}") = "InputParser", "InputParser\InputParser.vcxproj", "{943EBD6E-9893-4544-BDE6-C7607BE92F7D}"
EndProject
Project("{8BC9CEB8-8B4A-11D0-8D11-00A0C91BC942}") = "ParseTreeStore", "ParseTreeStore\ParseTreeStore.vcxproj", "{0D4CDF95-771D-4421-A4F2-574A55B44C9F}"
EndProject
Project("{8BC9CEB8-8B4A-11D0-8D11-00A0C91BC942}") = "Utilities", "Utilities\Utilities.vcxproj", "{FE4D000A-C664-41A6-B9F8-86E819602D5A}"
EndProject
Project("{8BC9CEB8-8B4A-11D0-8D11-00A0C91BC942}") = "XMLDomParser", "XMLDomParser\XMLDomParser.vcxproj", "{42AD1BC8-1803-4888-8CF4-B7A4978BA40D}"
EndProject
Project("{8BC9CEB8-8B4A-11D0-8D11-00A0C91BC942}") = "XMLFactory", "XMLFactory\XMLFactory.vcxproj", "{3B35A8C5-A1D9-438D-AE21-7BE2134FA02E}"
EndProject
Global
	GlobalSection(SolutionConfigurationPlatforms) = preSolution
		Debug|Win32 = Debug|Win32
		Release|Win32 = Release|Win32
	EndGlobalSection
	GlobalSection(ProjectConfigurationPlatforms) = postSolution
		{759B1015-3DC8-42A2-A346-293F8746D15E}.Debug|Win32.ActiveCfg = Debug|Win32
		{759B1015-3DC8-42A2-A346-293F8746D15E}.Debug|Win32.Build.0 = Debug|Win32
		{759B1015-3DC8-42A2-A346-293F8746D15E}.Release|Win32.ActiveCfg = Release|Win32
		{759B1015-3DC8-42A2-A346-293F8746D15E}.Release|Win32.Build.0 = Release|Win32
		{09A55EAD-ED98-4D6C-A076-218D5FDF5CFE}.Debug|Win32.ActiveCfg = Debug|Win32
		{09A55EAD-ED98-4D6C-A076-218D5FDF5CFE}.Debug|Win32.Build.0 = Debug|Win32
		{09A55EAD-ED98-4D6C-A076-218D5FDF5CFE}.Release|Win32.ActiveCfg = Release|Win32
		{09A55EAD-ED98-4D6C-A076-218D5FDF5CFE}.Release|Win32.Build.0 = Release|Win32
		{943EBD6E-9893-4544-BDE6-C7607BE92F7D}.Debug|Win32.ActiveCfg = Debug|Win32
		{943EBD6E-9893-4544-BDE6-C7607BE92F7D}.Debug|Win32.Build.0 = Debug|Win32
		{943EBD6E-9893-4544-BDE6-C7607BE92F7D}.Release|Win32.ActiveCfg = Release|Win32
		{943EBD6E-9893-4544-BDE6-C7607BE92F7D}.Release|Win32.Build.0 = Release|Win32
		{0D4CDF95-771D-4421-A4F2-574A55B44C9F}.Debug|Win32.ActiveCfg = Debug|Win32
		{0D4CDF95-771D-4421-A4F2-574A55B44C9F}.Debug|Win32.Build.0 = Debug|Win32
		{0D4CDF95-771D-4421-A4F2-574A55B44C9F}.Release|Win32.ActiveCfg = Release|Win32
		{0D4CDF95-771D-4421-A4F2-574A55B44C9F}.Release|Win32.Build.0 = Release|Win32
		{FE4D000A-C664-41A6-B9F8-86E819602D5A}.Debug|Win32.ActiveCfg = Debug|Win32
		{FE4D000A-C664-41A6-B9F8-86E819602D5A}.Debug|Win32.Build.0 = Debug|Win32
		{FE4D000A-C664-41A6-B9F8-86E819602D5A}.Release|Win32.ActiveCfg = Release|Win32
		{FE4D000A-C664-41A6-B9F8-86E819602D5A}.Release|Win32.Build.0 = Release|Win32
		{42AD1BC8-1803-4888-8CF4-B7A4978BA40D}.Debug|Win32.ActiveCfg = Debug|Win32
		{42AD1BC8-1803-4888-8CF4-B7A4978BA40D}.Debug|Win32.Build.0 = Debug|Win32
		{42AD1BC8-1803-4888-8CF4-B7A4978BA40D}.Release|Win32.ActiveCfg = Release|Win32
		{42AD1BC8-1803-4888-8CF4-B7A4978BA40D}.Release|Win32.Build.0 = Release|Win32
		{3B35A8C5-A1D9-438D-AE21-7BE2134FA02E}.Debug|Win32.ActiveCfg = Debug|Win32
		{3B35A8C5-A1D9-438D-AE21-7BE2134FA02E}.Debug|Win32.Build.0 = Debug|Win32
		{3B35A8C5-A1D9-438D-AE21-7BE2134FA02E}.Release|Win32.ActiveCfg = Release|Win32
		{3B35A8C5-A1D9-438D-AE21-7BE2134FA02E}.Release|Win32.Build.0 = Release|Win32
	EndGlobalSection
	GlobalSection(SolutionProperties) = preSolution
		HideSolutionNode = FALSE
	EndGlobalSection
	GlobalSection(NestedProjects) = preSolution
		{759B1015-3DC8-42A2-A346-293F8746D15E} = {3F0DF2F6-33FB-4BE5-83D7-F19492F7DBAA}
		{09A55EAD-ED98-4D6C-A076-218D5FDF5CFE} = {C5C7242D-6DC3-4331-9239-A85091739396}
		{943EBD6E-9893-4544-BDE6-C7607BE92F7D} = {E831B6D1-DDF3-4E57-92FF-3BBCCBBA8406}
		{0D4CDF95-771D-4421-A4F2-574A55B44C9F} = {B325F52D-C38C-475A-9C40-3DD1AEC40F21}
		{FE4D000A-C664-41A6-B9F8-86E819602D5A} = {51FDB3BA-39BC-44E7-BE9E-87D43DA1EAB0}
		{42AD1BC8-1803-4888-8CF4-B7A4978BA40D} = {F62AB20D-90A5-4031-98FA-E2DAB6EF1A92}
		{3B35A8C5-A1D9-438D-AE21-7BE2134FA02E} = {C997CACC-835D-4386-992F-92F8D20F7016}
	EndGlobalSection
EndGlobal
